
Microsoft Visual Studio Solution File, Format Version 12.00
# Visual Studio 15
VisualStudioVersion = 15.0.28307.779
MinimumVisualStudioVersion = 10.0.40219.1
Project("{FAE04EC0-301F-11D3-BF4B-00C04F79EFBC}") = "Sitecore.HttpStatus.Windows", "Sitecore.HttpStatus.Windows\Sitecore.HttpStatus.Windows.csproj", "{72DB2F06-BC9C-4203-A297-CA49DFFE8A14}"
EndProject
Project("{2150E333-8FDC-42A3-9474-1A3956D46DE8}") = "UI", "UI", "{FCCC771D-9188-45D9-AE79-8EA0A3B0CC42}"
EndProject
Project("{2150E333-8FDC-42A3-9474-1A3956D46DE8}") = "Solution Items", "Solution Items", "{45DAA98E-E6EE-4D1F-98C9-0423C6E7037F}"
	ProjectSection(SolutionItems) = preProject
		global.json = global.json
	EndProjectSection
EndProject
Project("{2150E333-8FDC-42A3-9474-1A3956D46DE8}") = "Solution Code", "Solution Code", "{F44DE039-F8C2-43E5-A2F3-D7A578B6EFB6}"
EndProject
Global
	GlobalSection(SolutionConfigurationPlatforms) = preSolution
		Debug|Any CPU = Debug|Any CPU
		Release|Any CPU = Release|Any CPU
	EndGlobalSection
	GlobalSection(ProjectConfigurationPlatforms) = postSolution
		{72DB2F06-BC9C-4203-A297-CA49DFFE8A14}.Debug|Any CPU.ActiveCfg = Debug|Any CPU
		{72DB2F06-BC9C-4203-A297-CA49DFFE8A14}.Debug|Any CPU.Build.0 = Debug|Any CPU
		{72DB2F06-BC9C-4203-A297-CA49DFFE8A14}.Release|Any CPU.ActiveCfg = Release|Any CPU
		{72DB2F06-BC9C-4203-A297-CA49DFFE8A14}.Release|Any CPU.Build.0 = Release|Any CPU
	EndGlobalSection
	GlobalSection(SolutionProperties) = preSolution
		HideSolutionNode = FALSE
	EndGlobalSection
	GlobalSection(NestedProjects) = preSolution
		{72DB2F06-BC9C-4203-A297-CA49DFFE8A14} = {FCCC771D-9188-45D9-AE79-8EA0A3B0CC42}
		{FCCC771D-9188-45D9-AE79-8EA0A3B0CC42} = {F44DE039-F8C2-43E5-A2F3-D7A578B6EFB6}
	EndGlobalSection
	GlobalSection(ExtensibilityGlobals) = postSolution
		SolutionGuid = {AC062914-18D2-4770-B43D-3E53B93FD8CB}
	EndGlobalSection
EndGlobal
